
Microsoft Visual Studio Solution File, Format Version 12.00
# Visual Studio Version 17
VisualStudioVersion = 17.2.32519.379
MinimumVisualStudioVersion = 10.0.40219.1
Project("{9A19103F-16F7-4668-BE54-9A1E7A4F7556}") = "DataAccess", "DataAccess\DataAccess.csproj", "{A6F18B0B-2253-4F9D-8A88-D9FE0965B865}"
EndProject
Project("{9A19103F-16F7-4668-BE54-9A1E7A4F7556}") = "Business", "Business\Business.csproj", "{AD0AEDC7-80F7-4523-9C6B-29344A37BBF5}"
EndProject
Project("{9A19103F-16F7-4668-BE54-9A1E7A4F7556}") = "Entities", "Entities\Entities.csproj", "{4AD74246-1A12-4A20-A5DA-DF98DE5A5ACE}"
EndProject
Project("{9A19103F-16F7-4668-BE54-9A1E7A4F7556}") = "SOLIDPrinciples", "ConsoleUI\SOLIDPrinciples.csproj", "{8FCF7693-50B7-4F61-9244-4AD19D88A9C7}"
EndProject
Project("{FAE04EC0-301F-11D3-BF4B-00C04F79EFBC}") = "WebAPI", "WebAPI\WebAPI.csproj", "{5BD63F9C-1594-4555-B83E-0686C0A97DB2}"
EndProject
Global
	GlobalSection(SolutionConfigurationPlatforms) = preSolution
		Debug|Any CPU = Debug|Any CPU
		Release|Any CPU = Release|Any CPU
	EndGlobalSection
	GlobalSection(ProjectConfigurationPlatforms) = postSolution
		{A6F18B0B-2253-4F9D-8A88-D9FE0965B865}.Debug|Any CPU.ActiveCfg = Debug|Any CPU
		{A6F18B0B-2253-4F9D-8A88-D9FE0965B865}.Debug|Any CPU.Build.0 = Debug|Any CPU
		{A6F18B0B-2253-4F9D-8A88-D9FE0965B865}.Release|Any CPU.ActiveCfg = Release|Any CPU
		{A6F18B0B-2253-4F9D-8A88-D9FE0965B865}.Release|Any CPU.Build.0 = Release|Any CPU
		{AD0AEDC7-80F7-4523-9C6B-29344A37BBF5}.Debug|Any CPU.ActiveCfg = Debug|Any CPU
		{AD0AEDC7-80F7-4523-9C6B-29344A37BBF5}.Debug|Any CPU.Build.0 = Debug|Any CPU
		{AD0AEDC7-80F7-4523-9C6B-29344A37BBF5}.Release|Any CPU.ActiveCfg = Release|Any CPU
		{AD0AEDC7-80F7-4523-9C6B-29344A37BBF5}.Release|Any CPU.Build.0 = Release|Any CPU
		{4AD74246-1A12-4A20-A5DA-DF98DE5A5ACE}.Debug|Any CPU.ActiveCfg = Debug|Any CPU
		{4AD74246-1A12-4A20-A5DA-DF98DE5A5ACE}.Debug|Any CPU.Build.0 = Debug|Any CPU
		{4AD74246-1A12-4A20-A5DA-DF98DE5A5ACE}.Release|Any CPU.ActiveCfg = Release|Any CPU
		{4AD74246-1A12-4A20-A5DA-DF98DE5A5ACE}.Release|Any CPU.Build.0 = Release|Any CPU
		{8FCF7693-50B7-4F61-9244-4AD19D88A9C7}.Debug|Any CPU.ActiveCfg = Debug|Any CPU
		{8FCF7693-50B7-4F61-9244-4AD19D88A9C7}.Debug|Any CPU.Build.0 = Debug|Any CPU
		{8FCF7693-50B7-4F61-9244-4AD19D88A9C7}.Release|Any CPU.ActiveCfg = Release|Any CPU
		{8FCF7693-50B7-4F61-9244-4AD19D88A9C7}.Release|Any CPU.Build.0 = Release|Any CPU
		{5BD63F9C-1594-4555-B83E-0686C0A97DB2}.Debug|Any CPU.ActiveCfg = Debug|Any CPU
		{5BD63F9C-1594-4555-B83E-0686C0A97DB2}.Debug|Any CPU.Build.0 = Debug|Any CPU
		{5BD63F9C-1594-4555-B83E-0686C0A97DB2}.Release|Any CPU.ActiveCfg = Release|Any CPU
		{5BD63F9C-1594-4555-B83E-0686C0A97DB2}.Release|Any CPU.Build.0 = Release|Any CPU
	EndGlobalSection
	GlobalSection(SolutionProperties) = preSolution
		HideSolutionNode = FALSE
	EndGlobalSection
	GlobalSection(ExtensibilityGlobals) = postSolution
		SolutionGuid = {4F8AA936-5F08-494D-8262-322AC7D31293}
	EndGlobalSection
EndGlobal
